// !$*UTF8*$!
{
	archiveVersion = 1;
	classes = {
	};
	objectVersion = 50;
	objects = {

/* Begin PBXBuildFile section */
		3F904D2126820AA100A0F40B /* AppDelegate.swift in Sources */ = {isa = PBXBuildFile; fileRef = 3F904D2026820AA100A0F40B /* AppDelegate.swift */; };
		3F904D2326820AA100A0F40B /* SceneDelegate.swift in Sources */ = {isa = PBXBuildFile; fileRef = 3F904D2226820AA100A0F40B /* SceneDelegate.swift */; };
		3F904D2526820AA100A0F40B /* ViewController.swift in Sources */ = {isa = PBXBuildFile; fileRef = 3F904D2426820AA100A0F40B /* ViewController.swift */; };
		3F904D2826820AA100A0F40B /* Main.storyboard in Resources */ = {isa = PBXBuildFile; fileRef = 3F904D2626820AA100A0F40B /* Main.storyboard */; };
		3F904D2A26820AA200A0F40B /* Assets.xcassets in Resources */ = {isa = PBXBuildFile; fileRef = 3F904D2926820AA200A0F40B /* Assets.xcassets */; };
		3F904D2D26820AA200A0F40B /* LaunchScreen.storyboard in Resources */ = {isa = PBXBuildFile; fileRef = 3F904D2B26820AA200A0F40B /* LaunchScreen.storyboard */; };
		3F904D3626820D1900A0F40B /* CustomTextField.swift in Sources */ = {isa = PBXBuildFile; fileRef = 3F904D3526820D1900A0F40B /* CustomTextField.swift */; };
		3F904D3B268239FE00A0F40B /* UIViewX.swift in Sources */ = {isa = PBXBuildFile; fileRef = 3F904D38268239FE00A0F40B /* UIViewX.swift */; };
		3F904D3C268239FE00A0F40B /* UIButtonX.swift in Sources */ = {isa = PBXBuildFile; fileRef = 3F904D39268239FE00A0F40B /* UIButtonX.swift */; };
		3F904D3F2682704600A0F40B /* Extensions.swift in Sources */ = {isa = PBXBuildFile; fileRef = 3F904D3E2682704600A0F40B /* Extensions.swift */; };
/* End PBXBuildFile section */

/* Begin PBXFileReference section */
		3F904D1D26820AA100A0F40B /* Demo.app */ = {isa = PBXFileReference; explicitFileType = wrapper.application; includeInIndex = 0; path = Demo.app; sourceTree = BUILT_PRODUCTS_DIR; };
		3F904D2026820AA100A0F40B /* AppDelegate.swift */ = {isa = PBXFileReference; lastKnownFileType = sourcecode.swift; path = AppDelegate.swift; sourceTree = "<group>"; };
		3F904D2226820AA100A0F40B /* SceneDelegate.swift */ = {isa = PBXFileReference; lastKnownFileType = sourcecode.swift; path = SceneDelegate.swift; sourceTree = "<group>"; };
		3F904D2426820AA100A0F40B /* ViewController.swift */ = {isa = PBXFileReference; lastKnownFileType = sourcecode.swift; path = ViewController.swift; sourceTree = "<group>"; };
		3F904D2726820AA100A0F40B /* Base */ = {isa = PBXFileReference; lastKnownFileType = file.storyboard; name = Base; path = Base.lproj/Main.storyboard; sourceTree = "<group>"; };
		3F904D2926820AA200A0F40B /* Assets.xcassets */ = {isa = PBXFileReference; lastKnownFileType = folder.assetcatalog; path = Assets.xcassets; sourceTree = "<group>"; };
		3F904D2C26820AA200A0F40B /* Base */ = {isa = PBXFileReference; lastKnownFileType = file.storyboard; name = Base; path = Base.lproj/LaunchScreen.storyboard; sourceTree = "<group>"; };
		3F904D2E26820AA200A0F40B /* Info.plist */ = {isa = PBXFileReference; lastKnownFileType = text.plist.xml; path = Info.plist; sourceTree = "<group>"; };
		3F904D3526820D1900A0F40B /* CustomTextField.swift */ = {isa = PBXFileReference; lastKnownFileType = sourcecode.swift; path = CustomTextField.swift; sourceTree = "<group>"; };
		3F904D38268239FE00A0F40B /* UIViewX.swift */ = {isa = PBXFileReference; fileEncoding = 4; lastKnownFileType = sourcecode.swift; path = UIViewX.swift; sourceTree = "<group>"; };
		3F904D39268239FE00A0F40B /* UIButtonX.swift */ = {isa = PBXFileReference; fileEncoding = 4; lastKnownFileType = sourcecode.swift; path = UIButtonX.swift; sourceTree = "<group>"; };
		3F904D3E2682704600A0F40B /* Extensions.swift */ = {isa = PBXFileReference; lastKnownFileType = sourcecode.swift; path = Extensions.swift; sourceTree = "<group>"; };
/* End PBXFileReference section */

/* Begin PBXFrameworksBuildPhase section */
		3F904D1A26820AA100A0F40B /* Frameworks */ = {
			isa = PBXFrameworksBuildPhase;
			buildActionMask = 2147483647;
			files = (
			);
			runOnlyForDeploymentPostprocessing = 0;
		};
/* End PBXFrameworksBuildPhase section */

/* Begin PBXGroup section */
		3F904D1426820AA100A0F40B = {
			isa = PBXGroup;
			children = (
				3F904D1F26820AA100A0F40B /* Demo */,
				3F904D1E26820AA100A0F40B /* Products */,
			);
			sourceTree = "<group>";
		};
		3F904D1E26820AA100A0F40B /* Products */ = {
			isa = PBXGroup;
			children = (
				3F904D1D26820AA100A0F40B /* Demo.app */,
			);
			name = Products;
			sourceTree = "<group>";
		};
		3F904D1F26820AA100A0F40B /* Demo */ = {
			isa = PBXGroup;
			children = (
				3F904D3426820CD800A0F40B /* Attributes */,
				3F904D2026820AA100A0F40B /* AppDelegate.swift */,
				3F904D2226820AA100A0F40B /* SceneDelegate.swift */,
				3F904D2426820AA100A0F40B /* ViewController.swift */,
				3F904D2626820AA100A0F40B /* Main.storyboard */,
				3F904D2926820AA200A0F40B /* Assets.xcassets */,
				3F904D2B26820AA200A0F40B /* LaunchScreen.storyboard */,
				3F904D2E26820AA200A0F40B /* Info.plist */,
				3F904D3E2682704600A0F40B /* Extensions.swift */,
			);
			path = Demo;
			sourceTree = "<group>";
		};
		3F904D3426820CD800A0F40B /* Attributes */ = {
			isa = PBXGroup;
			children = (
				3F904D3526820D1900A0F40B /* CustomTextField.swift */,
				3F904D39268239FE00A0F40B /* UIButtonX.swift */,
				3F904D38268239FE00A0F40B /* UIViewX.swift */,
			);
			path = Attributes;
			sourceTree = "<group>";
		};
/* End PBXGroup section */

/* Begin PBXNativeTarget section */
		3F904D1C26820AA100A0F40B /* Demo */ = {
			isa = PBXNativeTarget;
			buildConfigurationList = 3F904D3126820AA200A0F40B /* Build configuration list for PBXNativeTarget "Demo" */;
			buildPhases = (
				3F904D1926820AA100A0F40B /* Sources */,
				3F904D1A26820AA100A0F40B /* Frameworks */,
				3F904D1B26820AA100A0F40B /* Resources */,
			);
			buildRules = (
			);
			dependencies = (
			);
			name = Demo;
			productName = Demo;
			productReference = 3F904D1D26820AA100A0F40B /* Demo.app */;
			productType = "com.apple.product-type.application";
		};
/* End PBXNativeTarget section */

/* Begin PBXProject section */
		3F904D1526820AA100A0F40B /* Project object */ = {
			isa = PBXProject;
			attributes = {
				LastSwiftUpdateCheck = 1250;
				LastUpgradeCheck = 1250;
				TargetAttributes = {
					3F904D1C26820AA100A0F40B = {
						CreatedOnToolsVersion = 12.5;
					};
				};
			};
			buildConfigurationList = 3F904D1826820AA100A0F40B /* Build configuration list for PBXProject "Demo" */;
			compatibilityVersion = "Xcode 9.3";
			developmentRegion = en;
			hasScannedForEncodings = 0;
			knownRegions = (
				en,
				Base,
			);
			mainGroup = 3F904D1426820AA100A0F40B;
			productRefGroup = 3F904D1E26820AA100A0F40B /* Products */;
			projectDirPath = "";
			projectRoot = "";
			targets = (
				3F904D1C26820AA100A0F40B /* Demo */,
			);
		};
/* End PBXProject section */

/* Begin PBXResourcesBuildPhase section */
		3F904D1B26820AA100A0F40B /* Resources */ = {
			isa = PBXResourcesBuildPhase;
			buildActionMask = 2147483647;
			files = (
				3F904D2D26820AA200A0F40B /* LaunchScreen.storyboard in Resources */,
				3F904D2A26820AA200A0F40B /* Assets.xcassets in Resources */,
				3F904D2826820AA100A0F40B /* Main.storyboard in Resources */,
			);
			runOnlyForDeploymentPostprocessing = 0;
		};
/* End PBXResourcesBuildPhase section */

/* Begin PBXSourcesBuildPhase section */
		3F904D1926820AA100A0F40B /* Sources */ = {
			isa = PBXSourcesBuildPhase;
			buildActionMask = 2147483647;
			files = (
				3F904D3626820D1900A0F40B /* CustomTextField.swift in Sources */,
				3F904D2526820AA100A0F40B /* ViewController.swift in Sources */,
				3F904D3F2682704600A0F40B /* Extensions.swift in Sources */,
				3F904D3C268239FE00A0F40B /* UIButtonX.swift in Sources */,
				3F904D2126820AA100A0F40B /* AppDelegate.swift in Sources */,
				3F904D2326820AA100A0F40B /* SceneDelegate.swift in Sources */,
				3F904D3B268239FE00A0F40B /* UIViewX.swift in Sources */,
			);
			runOnlyForDeploymentPostprocessing = 0;
		};
/* End PBXSourcesBuildPhase section */

/* Begin PBXVariantGroup section */
		3F904D2626820AA100A0F40B /* Main.storyboard */ = {
			isa = PBXVariantGroup;
			children = (
				3F904D2726820AA100A0F40B /* Base */,
			);
			name = Main.storyboard;
			sourceTree = "<group>";
		};
		3F904D2B26820AA200A0F40B /* LaunchScreen.storyboard */ = {
			isa = PBXVariantGroup;
			children = (
				3F904D2C26820AA200A0F40B /* Base */,
			);
			name = LaunchScreen.storyboard;
			sourceTree = "<group>";
		};
/* End PBXVariantGroup section */

/* Begin XCBuildConfiguration section */
		3F904D2F26820AA200A0F40B /* Debug */ = {
			isa = XCBuildConfiguration;
			buildSettings = {
				ALWAYS_SEARCH_USER_PATHS = NO;
				CLANG_ANALYZER_NONNULL = YES;
				CLANG_ANALYZER_NUMBER_OBJECT_CONVERSION = YES_AGGRESSIVE;
				CLANG_CXX_LANGUAGE_STANDARD = "gnu++14";
				CLANG_CXX_LIBRARY = "libc++";
				CLANG_ENABLE_MODULES = YES;
				CLANG_ENABLE_OBJC_ARC = YES;
				CLANG_ENABLE_OBJC_WEAK = YES;
				CLANG_WARN_BLOCK_CAPTURE_AUTORELEASING = YES;
				CLANG_WARN_BOOL_CONVERSION = YES;
				CLANG_WARN_COMMA = YES;
				CLANG_WARN_CONSTANT_CONVERSION = YES;
				CLANG_WARN_DEPRECATED_OBJC_IMPLEMENTATIONS = YES;
				CLANG_WARN_DIRECT_OBJC_ISA_USAGE = YES_ERROR;
				CLANG_WARN_DOCUMENTATION_COMMENTS = YES;
				CLANG_WARN_EMPTY_BODY = YES;
				CLANG_WARN_ENUM_CONVERSION = YES;
				CLANG_WARN_INFINITE_RECURSION = YES;
				CLANG_WARN_INT_CONVERSION = YES;
				CLANG_WARN_NON_LITERAL_NULL_CONVERSION = YES;
				CLANG_WARN_OBJC_IMPLICIT_RETAIN_SELF = YES;
				CLANG_WARN_OBJC_LITERAL_CONVERSION = YES;
				CLANG_WARN_OBJC_ROOT_CLASS = YES_ERROR;
				CLANG_WARN_QUOTED_INCLUDE_IN_FRAMEWORK_HEADER = YES;
				CLANG_WARN_RANGE_LOOP_ANALYSIS = YES;
				CLANG_WARN_STRICT_PROTOTYPES = YES;
				CLANG_WARN_SUSPICIOUS_MOVE = YES;
				CLANG_WARN_UNGUARDED_AVAILABILITY = YES_AGGRESSIVE;
				CLANG_WARN_UNREACHABLE_CODE = YES;
				CLANG_WARN__DUPLICATE_METHOD_MATCH = YES;
				COPY_PHASE_STRIP = NO;
				DEBUG_INFORMATION_FORMAT = dwarf;
				ENABLE_STRICT_OBJC_MSGSEND = YES;
				ENABLE_TESTABILITY = YES;
				GCC_C_LANGUAGE_STANDARD = gnu11;
				GCC_DYNAMIC_NO_PIC = NO;
				GCC_NO_COMMON_BLOCKS = YES;
				GCC_OPTIMIZATION_LEVEL = 0;
				GCC_PREPROCESSOR_DEFINITIONS = (
					"DEBUG=1",
					"$(inherited)",
				);
				GCC_WARN_64_TO_32_BIT_CONVERSION = YES;
				GCC_WARN_ABOUT_RETURN_TYPE = YES_ERROR;
				GCC_WARN_UNDECLARED_SELECTOR = YES;
				GCC_WARN_UNINITIALIZED_AUTOS = YES_AGGRESSIVE;
				GCC_WARN_UNUSED_FUNCTION = YES;
				GCC_WARN_UNUSED_VARIABLE = YES;
				IPHONEOS_DEPLOYMENT_TARGET = 14.5;
				MTL_ENABLE_DEBUG_INFO = INCLUDE_SOURCE;
				MTL_FAST_MATH = YES;
				ONLY_ACTIVE_ARCH = YES;
				SDKROOT = iphoneos;
				SWIFT_ACTIVE_COMPILATION_CONDITIONS = DEBUG;
				SWIFT_OPTIMIZATION_LEVEL = "-Onone";
			};
			name = Debug;
		};
		3F904D3026820AA200A0F40B /* Release */ = {
			isa = XCBuildConfiguration;
			buildSettings = {
				ALWAYS_SEARCH_USER_PATHS = NO;
				CLANG_ANALYZER_NONNULL = YES;
				CLANG_ANALYZER_NUMBER_OBJECT_CONVERSION = YES_AGGRESSIVE;
				CLANG_CXX_LANGUAGE_STANDARD = "gnu++14";
				CLANG_CXX_LIBRARY = "libc++";
				CLANG_ENABLE_MODULES = YES;
				CLANG_ENABLE_OBJC_ARC = YES;
				CLANG_ENABLE_OBJC_WEAK = YES;
				CLANG_WARN_BLOCK_CAPTURE_AUTORELEASING = YES;
				CLANG_WARN_BOOL_CONVERSION = YES;
				CLANG_WARN_COMMA = YES;
				CLANG_WARN_CONSTANT_CONVERSION = YES;
				CLANG_WARN_DEPRECATED_OBJC_IMPLEMENTATIONS = YES;
				CLANG_WARN_DIRECT_OBJC_ISA_USAGE = YES_ERROR;
				CLANG_WARN_DOCUMENTATION_COMMENTS = YES;
				CLANG_WARN_EMPTY_BODY = YES;
				CLANG_WARN_ENUM_CONVERSION = YES;
				CLANG_WARN_INFINITE_RECURSION = YES;
				CLANG_WARN_INT_CONVERSION = YES;
				CLANG_WARN_NON_LITERAL_NULL_CONVERSION = YES;
				CLANG_WARN_OBJC_IMPLICIT_RETAIN_SELF = YES;
				CLANG_WARN_OBJC_LITERAL_CONVERSION = YES;
				CLANG_WARN_OBJC_ROOT_CLASS = YES_ERROR;
				CLANG_WARN_QUOTED_INCLUDE_IN_FRAMEWORK_HEADER = YES;
				CLANG_WARN_RANGE_LOOP_ANALYSIS = YES;
				CLANG_WARN_STRICT_PROTOTYPES = YES;
				CLANG_WARN_SUSPICIOUS_MOVE = YES;
				CLANG_WARN_UNGUARDED_AVAILABILITY = YES_AGGRESSIVE;
				CLANG_WARN_UNREACHABLE_CODE = YES;
				CLANG_WARN__DUPLICATE_METHOD_MATCH = YES;
				COPY_PHASE_STRIP = NO;
				DEBUG_INFORMATION_FORMAT = "dwarf-with-dsym";
				ENABLE_NS_ASSERTIONS = NO;
				ENABLE_STRICT_OBJC_MSGSEND = YES;
				GCC_C_LANGUAGE_STANDARD = gnu11;
				GCC_NO_COMMON_BLOCKS = YES;
				GCC_WARN_64_TO_32_BIT_CONVERSION = YES;
				GCC_WARN_ABOUT_RETURN_TYPE = YES_ERROR;
				GCC_WARN_UNDECLARED_SELECTOR = YES;
				GCC_WARN_UNINITIALIZED_AUTOS = YES_AGGRESSIVE;
				GCC_WARN_UNUSED_FUNCTION = YES;
				GCC_WARN_UNUSED_VARIABLE = YES;
				IPHONEOS_DEPLOYMENT_TARGET = 14.5;
				MTL_ENABLE_DEBUG_INFO = NO;
				MTL_FAST_MATH = YES;
				SDKROOT = iphoneos;
				SWIFT_COMPILATION_MODE = wholemodule;
				SWIFT_OPTIMIZATION_LEVEL = "-O";
				VALIDATE_PRODUCT = YES;
			};
			name = Release;
		};
		3F904D3226820AA200A0F40B /* Debug */ = {
			isa = XCBuildConfiguration;
			buildSettings = {
				ASSETCATALOG_COMPILER_APPICON_NAME = AppIcon;
				ASSETCATALOG_COMPILER_GLOBAL_ACCENT_COLOR_NAME = AccentColor;
				CODE_SIGN_STYLE = Automatic;
				DEVELOPMENT_TEAM = 46K2RRCY2M;
				INFOPLIST_FILE = Demo/Info.plist;
				LD_RUNPATH_SEARCH_PATHS = (
					"$(inherited)",
					"@executable_path/Frameworks",
				);
				PRODUCT_BUNDLE_IDENTIFIER = in.ios.app.mobiledev.Demo;
				PRODUCT_NAME = "$(TARGET_NAME)";
				SWIFT_VERSION = 5.0;
				TARGETED_DEVICE_FAMILY = "1,2";
			};
			name = Debug;
		};
		3F904D3326820AA200A0F40B /* Release */ = {
			isa = XCBuildConfiguration;
			buildSettings = {
				ASSETCATALOG_COMPILER_APPICON_NAME = AppIcon;
				ASSETCATALOG_COMPILER_GLOBAL_ACCENT_COLOR_NAME = AccentColor;
				CODE_SIGN_STYLE = Automatic;
				DEVELOPMENT_TEAM = 46K2RRCY2M;
				INFOPLIST_FILE = Demo/Info.plist;
				LD_RUNPATH_SEARCH_PATHS = (
					"$(inherited)",
					"@executable_path/Frameworks",
				);
				PRODUCT_BUNDLE_IDENTIFIER = in.ios.app.mobiledev.Demo;
				PRODUCT_NAME = "$(TARGET_NAME)";
				SWIFT_VERSION = 5.0;
				TARGETED_DEVICE_FAMILY = "1,2";
			};
			name = Release;
		};
/* End XCBuildConfiguration section */

/* Begin XCConfigurationList section */
		3F904D1826820AA100A0F40B /* Build configuration list for PBXProject "Demo" */ = {
			isa = XCConfigurationList;
			buildConfigurations = (
				3F904D2F26820AA200A0F40B /* Debug */,
				3F904D3026820AA200A0F40B /* Release */,
			);
			defaultConfigurationIsVisible = 0;
			defaultConfigurationName = Release;
		};
		3F904D3126820AA200A0F40B /* Build configuration list for PBXNativeTarget "Demo" */ = {
			isa = XCConfigurationList;
			buildConfigurations = (
				3F904D3226820AA200A0F40B /* Debug */,
				3F904D3326820AA200A0F40B /* Release */,
			);
			defaultConfigurationIsVisible = 0;
			defaultConfigurationName = Release;
		};
/* End XCConfigurationList section */
	};
	rootObject = 3F904D1526820AA100A0F40B /* Project object */;
}
